
Microsoft Visual Studio Solution File, Format Version 12.00
# Visual Studio 2012
Project("{FAE04EC0-301F-11D3-BF4B-00C04F79EFBC}") = "ServiceStack.MiniProfiler.EF6", "ServiceStack.MiniProfiler.EF6\ServiceStack.MiniProfiler.EF6.csproj", "{4DFA7AD2-FCAE-44DB-AF5C-F26ABA93DBDC}"
EndProject
Global
	GlobalSection(SolutionConfigurationPlatforms) = preSolution
		Debug|Any CPU = Debug|Any CPU
		Release|Any CPU = Release|Any CPU
	EndGlobalSection
	GlobalSection(ProjectConfigurationPlatforms) = postSolution
		{4DFA7AD2-FCAE-44DB-AF5C-F26ABA93DBDC}.Debug|Any CPU.ActiveCfg = Debug|Any CPU
		{4DFA7AD2-FCAE-44DB-AF5C-F26ABA93DBDC}.Debug|Any CPU.Build.0 = Debug|Any CPU
		{4DFA7AD2-FCAE-44DB-AF5C-F26ABA93DBDC}.Release|Any CPU.ActiveCfg = Release|Any CPU
		{4DFA7AD2-FCAE-44DB-AF5C-F26ABA93DBDC}.Release|Any CPU.Build.0 = Release|Any CPU
	EndGlobalSection
	GlobalSection(SolutionProperties) = preSolution
		HideSolutionNode = FALSE
	EndGlobalSection
EndGlobal
